
Microsoft Visual Studio Solution File, Format Version 12.00
# Visual Studio 15
VisualStudioVersion = 15.0.27004.2008
MinimumVisualStudioVersion = 10.0.40219.1
Project("{9A19103F-16F7-4668-BE54-9A1E7A4F7556}") = "CodeEurope.Functions", "CodeEurope.Functions\CodeEurope.Functions.csproj", "{76196727-2990-4108-BE7B-DDC48CA512C4}"
EndProject
Project("{FAE04EC0-301F-11D3-BF4B-00C04F79EFBC}") = "CodeEurope.Publisher", "CodeEurope.Publisher\CodeEurope.Publisher.csproj", "{4933C9C9-CFD1-4B26-A362-6B054D97DE0D}"
EndProject
Project("{151D2E53-A2C4-4D7D-83FE-D05416EBD58E}") = "CodeEurope.ResourceGroup", "CodeEurope.ResourceGroup\CodeEurope.ResourceGroup.deployproj", "{82CFEEE7-B71C-4ABE-B8E2-8E146064D7D6}"
EndProject
Global
	GlobalSection(SolutionConfigurationPlatforms) = preSolution
		Debug|Any CPU = Debug|Any CPU
		Release|Any CPU = Release|Any CPU
	EndGlobalSection
	GlobalSection(ProjectConfigurationPlatforms) = postSolution
		{76196727-2990-4108-BE7B-DDC48CA512C4}.Debug|Any CPU.ActiveCfg = Debug|Any CPU
		{76196727-2990-4108-BE7B-DDC48CA512C4}.Debug|Any CPU.Build.0 = Debug|Any CPU
		{76196727-2990-4108-BE7B-DDC48CA512C4}.Release|Any CPU.ActiveCfg = Release|Any CPU
		{76196727-2990-4108-BE7B-DDC48CA512C4}.Release|Any CPU.Build.0 = Release|Any CPU
		{4933C9C9-CFD1-4B26-A362-6B054D97DE0D}.Debug|Any CPU.ActiveCfg = Debug|Any CPU
		{4933C9C9-CFD1-4B26-A362-6B054D97DE0D}.Debug|Any CPU.Build.0 = Debug|Any CPU
		{4933C9C9-CFD1-4B26-A362-6B054D97DE0D}.Release|Any CPU.ActiveCfg = Release|Any CPU
		{4933C9C9-CFD1-4B26-A362-6B054D97DE0D}.Release|Any CPU.Build.0 = Release|Any CPU
		{82CFEEE7-B71C-4ABE-B8E2-8E146064D7D6}.Debug|Any CPU.ActiveCfg = Debug|Any CPU
		{82CFEEE7-B71C-4ABE-B8E2-8E146064D7D6}.Debug|Any CPU.Build.0 = Debug|Any CPU
		{82CFEEE7-B71C-4ABE-B8E2-8E146064D7D6}.Release|Any CPU.ActiveCfg = Release|Any CPU
		{82CFEEE7-B71C-4ABE-B8E2-8E146064D7D6}.Release|Any CPU.Build.0 = Release|Any CPU
	EndGlobalSection
	GlobalSection(SolutionProperties) = preSolution
		HideSolutionNode = FALSE
	EndGlobalSection
	GlobalSection(ExtensibilityGlobals) = postSolution
		SolutionGuid = {B83C0D75-FB26-4FF3-AE7C-041C4A4A48AF}
	EndGlobalSection
EndGlobal
